github.com/gen2brain/shm v0.0.0-20200228170931-49f9650110c5 h1:Y5Q2mEwfzjMt5+3u70Gtw93ZOu2UuPeeeTBDntF7FoY=
github.com/gen2brain/shm v0.0.0-20200228170931-49f9650110c5/go.mod h1:uF6rMu/1nvu+5DpiRLwusA6xB8zlkNoGzKn8lmYONUo=
github.com/go-rod/rod v0.101.8 h1:oV0O97uwjkCVyAP0hD6K6bBE8FUMIjs0dtF7l6kEBsU=
github.com/go-rod/rod v0.101.8/go.mod h1:N/zlT53CfSpq74nb6rOR0K8UF0SPUPBmzBnArrms+mY=
github.com/hybridgroup/mjpeg v0.0.0-20140228234708-4680f319790e/go.mod h1:eagM805MRKrioHYuU7iKLUyFPVKqVV6um5DAvCkUtXs=
github.com/jezek/xgb v0.0.0-20210312150743-0e0f116e1240 h1:dy+DS31tGEGCsZzB45HmJJNHjur8GDgtRNX9U7HnSX4=
github.com/jezek/xgb v0.0.0-20210312150743-0e0f116e1240/go.mod h1:3P4UH/k22rXyHIJD2w4h2XMqPX4Of/eySEZq9L6wqc4=
github.com/kbinani/screenshot v0.0.0-20210720154843-7d3a670d8329 h1:qq2nCpSrXrmvDGRxW0ruW9BVEV1CN2a9YDOExdt+U0o=
github.com/kbinani/screenshot v0.0.0-20210720154843-7d3a670d8329/go.mod h1:2VPVQDR4wO7KXHwP+DAypEy67rXf+okUx2zjgpCxZw4=
github.com/lxn/win v0.0.0-20210218163916-a377121e959e h1:H+t6A/QJMbhCSEH5rAuRxh+CtW96g0Or0Fxa9IKr4uc=
github.com/lxn/win v0.0.0-20210218163916-a377121e959e/go.mod h1:KxxjdtRkfNoYDCUP5ryK7XJJNTnpC8atvtmTheChOtk=
github.com/pascaldekloe/goe v0.1.0/go.mod h1:lzWF7FIEvWOWxwDKqyGYQf6ZUaNfKdP144TG7ZOy1lc=
github.com/ysmood/goob v0.3.0 h1:XZ51cZJ4W3WCoCiUktixzMIQF86W7G5VFL4QQ/Q2uS0=
github.com/ysmood/goob v0.3.0/go.mod h1:S3lq113Y91y1UBf1wj1pFOxeahvfKkCk6mTWTWbDdWs=
github.com/ysmood/got v0.15.1 h1:X5jAbMyBf5yeezuFMp9HaMGXZWMSqIQcUlAHI+kJmUs=
github.com/ysmood/got v0.15.1/go.mod h1:pE1l4LOwOBhQg6A/8IAatkGp7uZjnalzrZolnlhhMgY=
github.com/ysmood/gotrace v0.2.2 h1:006KHGRThSRf8lwh4EyhNmuuq/l+Ygs+JqojkhEG1/E=
github.com/ysmood/gotrace v0.2.2/go.mod h1:TzhIG7nHDry5//eYZDYcTzuJLYQIkykJzCRIo4/dzQM=
github.com/ysmood/gson v0.6.4 h1:Yb6tosv6bk59HqjZu2/7o4BFherpYEMkDkXmlhgryZ4=
github.com/ysmood/gson v0.6.4/go.mod h1:3Kzs5zDl21g5F/BlLTNcuAGAYLKt2lV5G8D1zF3RNmg=
github.com/ysmood/leakless v0.7.0 h1:XCGdaPExyoreoQd+H5qgxM3ReNbSPFsEXpSKwbXbwQw=
github.com/ysmood/leakless v0.7.0/go.mod h1:R8iAXPRaG97QJwqxs74RdwzcRHT1SWCGTNqY8q0JvMQ=
gocv.io/x/gocv v0.29.0 h1:Zg5ZoIFSY4oBehoIRoSaSeY+KF+nvqv1O1qNmALiMec=
gocv.io/x/gocv v0.29.0/go.mod h1:oc6FvfYqfBp99p+yOEzs9tbYF9gOrAQSeL/dyIPefJU=
golang.org/x/sys v0.0.0-20201018230417-eeed37f84f13 h1:5jaG59Zhd+8ZXe8C+lgiAGqkOaZBruqrWclLkgAww34=
golang.org/x/sys v0.0.0-20201018230417-eeed37f84f13/go.mod h1:h1NjWce9XRLGQEsW7wpKNCjG9DtNlClVuFLEZdDNbEs=
